{
  "name": "playwrightdemo",
  "version": "1.0.0",
  "lockfileVersion": 2,
  "requires": true,
  "packages": {
    "": {
      "name": "playwrightdemo",
      "version": "1.0.0",
      "license": "ISC",
      "dependencies": {
        "cookie-parser": "^1.4.6",
        "mailosaur": "^8.5.0",
        "typescript": "^4.9.4"
      },
      "devDependencies": {
        "@playwright/test": "^1.29.1",
        "@types/cookie-parser": "^1.4.3"
      }
    },
    "node_modules/@playwright/test": {
      "version": "1.29.1",
      "resolved": "https://registry.npmjs.org/@playwright/test/-/test-1.29.1.tgz",
      "integrity": "sha512-iQxk2DX5U9wOGV3+/Jh9OHPsw5H3mleUL2S4BgQuwtlAfK3PnKvn38m4Rg9zIViGHVW24opSm99HQm/UFLEy6w==",
      "dev": true,
      "dependencies": {
        "@types/node": "*",
        "playwright-core": "1.29.1"
      },
      "bin": {
        "playwright": "cli.js"
      },
      "engines": {
        "node": ">=14"
      }
    },
    "node_modules/@playwright/test/node_modules/playwright-core": {
      "version": "1.29.1",
      "resolved": "https://registry.npmjs.org/playwright-core/-/playwright-core-1.29.1.tgz",
      "integrity": "sha512-20Ai3d+lMkWpI9YZYlxk8gxatfgax5STW8GaMozAHwigLiyiKQrdkt7gaoT9UQR8FIVDg6qVXs9IoZUQrDjIIg==",
      "dev": true,
      "bin": {
        "playwright": "cli.js"
      },
      "engines": {
        "node": ">=14"
      }
    },
    "node_modules/@types/body-parser": {
      "version": "1.19.2",
      "resolved": "https://registry.npmjs.org/@types/body-parser/-/body-parser-1.19.2.tgz",
      "integrity": "sha512-ALYone6pm6QmwZoAgeyNksccT9Q4AWZQ6PvfwR37GT6r6FWUPguq6sUmNGSMV2Wr761oQoBxwGGa6DR5o1DC9g==",
      "dev": true,
      "dependencies": {
        "@types/connect": "*",
        "@types/node": "*"
      }
    },
    "node_modules/@types/connect": {
      "version": "3.4.35",
      "resolved": "https://registry.npmjs.org/@types/connect/-/connect-3.4.35.tgz",
      "integrity": "sha512-cdeYyv4KWoEgpBISTxWvqYsVy444DOqehiF3fM3ne10AmJ62RSyNkUnxMJXHQWRQQX2eR94m5y1IZyDwBjV9FQ==",
      "dev": true,
      "dependencies": {
        "@types/node": "*"
      }
    },
    "node_modules/@types/cookie-parser": {
      "version": "1.4.3",
      "resolved": "https://registry.npmjs.org/@types/cookie-parser/-/cookie-parser-1.4.3.tgz",
      "integrity": "sha512-CqSKwFwefj4PzZ5n/iwad/bow2hTCh0FlNAeWLtQM3JA/NX/iYagIpWG2cf1bQKQ2c9gU2log5VUCrn7LDOs0w==",
      "dev": true,
      "dependencies": {
        "@types/express": "*"
      }
    },
    "node_modules/@types/express": {
      "version": "4.17.15",
      "resolved": "https://registry.npmjs.org/@types/express/-/express-4.17.15.tgz",
      "integrity": "sha512-Yv0k4bXGOH+8a+7bELd2PqHQsuiANB+A8a4gnQrkRWzrkKlb6KHaVvyXhqs04sVW/OWlbPyYxRgYlIXLfrufMQ==",
      "dev": true,
      "dependencies": {
        "@types/body-parser": "*",
        "@types/express-serve-static-core": "^4.17.31",
        "@types/qs": "*",
        "@types/serve-static": "*"
      }
    },
    "node_modules/@types/express-serve-static-core": {
      "version": "4.17.32",
      "resolved": "https://registry.npmjs.org/@types/express-serve-static-core/-/express-serve-static-core-4.17.32.tgz",
      "integrity": "sha512-aI5h/VOkxOF2Z1saPy0Zsxs5avets/iaiAJYznQFm5By/pamU31xWKL//epiF4OfUA2qTOc9PV6tCUjhO8wlZA==",
      "dev": true,
      "dependencies": {
        "@types/node": "*",
        "@types/qs": "*",
        "@types/range-parser": "*"
      }
    },
    "node_modules/@types/mime": {
      "version": "3.0.1",
      "resolved": "https://registry.npmjs.org/@types/mime/-/mime-3.0.1.tgz",
      "integrity": "sha512-Y4XFY5VJAuw0FgAqPNd6NNoV44jbq9Bz2L7Rh/J6jLTiHBSBJa9fxqQIvkIld4GsoDOcCbvzOUAbLPsSKKg+uA==",
      "dev": true
    },
    "node_modules/@types/node": {
      "version": "18.11.17",
      "resolved": "https://registry.npmjs.org/@types/node/-/node-18.11.17.tgz",
      "integrity": "sha512-HJSUJmni4BeDHhfzn6nF0sVmd1SMezP7/4F0Lq+aXzmp2xm9O7WXrUtHW/CHlYVtZUbByEvWidHqRtcJXGF2Ng==",
      "dev": true
    },
    "node_modules/@types/qs": {
      "version": "6.9.7",
      "resolved": "https://registry.npmjs.org/@types/qs/-/qs-6.9.7.tgz",
      "integrity": "sha512-FGa1F62FT09qcrueBA6qYTrJPVDzah9a+493+o2PCXsesWHIn27G98TsSMs3WPNbZIEj4+VJf6saSFpvD+3Zsw==",
      "dev": true
    },
    "node_modules/@types/range-parser": {
      "version": "1.2.4",
      "resolved": "https://registry.npmjs.org/@types/range-parser/-/range-parser-1.2.4.tgz",
      "integrity": "sha512-EEhsLsD6UsDM1yFhAvy0Cjr6VwmpMWqFBCb9w07wVugF7w9nfajxLuVmngTIpgS6svCnm6Vaw+MZhoDCKnOfsw==",
      "dev": true
    },
    "node_modules/@types/serve-static": {
      "version": "1.15.0",
      "resolved": "https://registry.npmjs.org/@types/serve-static/-/serve-static-1.15.0.tgz",
      "integrity": "sha512-z5xyF6uh8CbjAu9760KDKsH2FcDxZ2tFCsA4HIMWE6IkiYMXfVoa+4f9KX+FN0ZLsaMw1WNG2ETLA6N+/YA+cg==",
      "dev": true,
      "dependencies": {
        "@types/mime": "*",
        "@types/node": "*"
      }
    },
    "node_modules/agent-base": {
      "version": "6.0.2",
      "resolved": "https://registry.npmjs.org/agent-base/-/agent-base-6.0.2.tgz",
      "integrity": "sha512-RZNwNclF7+MS/8bDg70amg32dyeZGZxiDuQmZxKLAlQjr3jGyLx+4Kkk58UO7D2QdgFIQCovuSuZESne6RG6XQ==",
      "dependencies": {
        "debug": "4"
      },
      "engines": {
        "node": ">= 6.0.0"
      }
    },
    "node_modules/cookie": {
      "version": "0.4.1",
      "resolved": "https://registry.npmjs.org/cookie/-/cookie-0.4.1.tgz",
      "integrity": "sha512-ZwrFkGJxUR3EIoXtO+yVE69Eb7KlixbaeAWfBQB9vVsNn/o+Yw69gBWSSDK825hQNdN+wF8zELf3dFNl/kxkUA==",
      "engines": {
        "node": ">= 0.6"
      }
    },
    "node_modules/cookie-parser": {
      "version": "1.4.6",
      "resolved": "https://registry.npmjs.org/cookie-parser/-/cookie-parser-1.4.6.tgz",
      "integrity": "sha512-z3IzaNjdwUC2olLIB5/ITd0/setiaFMLYiZJle7xg5Fe9KWAceil7xszYfHHBtDFYLSgJduS2Ty0P1uJdPDJeA==",
      "dependencies": {
        "cookie": "0.4.1",
        "cookie-signature": "1.0.6"
      },
      "engines": {
        "node": ">= 0.8.0"
      }
    },
    "node_modules/cookie-signature": {
      "version": "1.0.6",
      "resolved": "https://registry.npmjs.org/cookie-signature/-/cookie-signature-1.0.6.tgz",
      "integrity": "sha512-QADzlaHc8icV8I7vbaJXJwod9HWYp8uCqf1xa4OfNu1T7JVxQIrUgOWtHdNDtPiywmFbiS12VjotIXLrKM3orQ=="
    },
    "node_modules/debug": {
      "version": "4.3.4",
      "resolved": "https://registry.npmjs.org/debug/-/debug-4.3.4.tgz",
      "integrity": "sha512-PRWFHuSU3eDtQJPvnNY7Jcket1j0t5OuOsFzPPzsekD52Zl8qUfFIPEiswXqIvHWGVHOgX+7G/vCNNhehwxfkQ==",
      "dependencies": {
        "ms": "2.1.2"
      },
      "engines": {
        "node": ">=6.0"
      },
      "peerDependenciesMeta": {
        "supports-color": {
          "optional": true
        }
      }
    },
    "node_modules/https-proxy-agent": {
      "version": "5.0.1",
      "resolved": "https://registry.npmjs.org/https-proxy-agent/-/https-proxy-agent-5.0.1.tgz",
      "integrity": "sha512-dFcAjpTQFgoLMzC2VwU+C/CbS7uRL0lWmxDITmqm7C+7F0Odmj6s9l6alZc6AELXhrnggM2CeWSXHGOdX2YtwA==",
      "dependencies": {
        "agent-base": "6",
        "debug": "4"
      },
      "engines": {
        "node": ">= 6"
      }
    },
    "node_modules/mailosaur": {
      "version": "8.5.0",
      "resolved": "https://registry.npmjs.org/mailosaur/-/mailosaur-8.5.0.tgz",
      "integrity": "sha512-exO+Yssl8IduNqN32tUwIG7FYMJLg/Uu1nqaVld/5xVYqx97c82SGQgs+qqdOwhoUSOpdWcR/A7avhL+/U2Qhw==",
      "dependencies": {
        "https-proxy-agent": "^5.0.0"
      },
      "engines": {
        "node": ">= v6.0.0"
      }
    },
    "node_modules/ms": {
      "version": "2.1.2",
      "resolved": "https://registry.npmjs.org/ms/-/ms-2.1.2.tgz",
      "integrity": "sha512-sGkPx+VjMtmA6MX27oA4FBFELFCZZ4S4XqeGOXCv68tT+jb3vk/RyaKWP0PTKyWtmLSM0b+adUTEvbs1PEaH2w=="
    },
    "node_modules/typescript": {
      "version": "4.9.4",
      "resolved": "https://registry.npmjs.org/typescript/-/typescript-4.9.4.tgz",
      "integrity": "sha512-Uz+dTXYzxXXbsFpM86Wh3dKCxrQqUcVMxwU54orwlJjOpO3ao8L7j5lH+dWfTwgCwIuM9GQ2kvVotzYJMXTBZg==",
      "bin": {
        "tsc": "bin/tsc",
        "tsserver": "bin/tsserver"
      },
      "engines": {
        "node": ">=4.2.0"
      }
    }
  },
  "dependencies": {
    "@playwright/test": {
      "version": "1.29.1",
      "resolved": "https://registry.npmjs.org/@playwright/test/-/test-1.29.1.tgz",
      "integrity": "sha512-iQxk2DX5U9wOGV3+/Jh9OHPsw5H3mleUL2S4BgQuwtlAfK3PnKvn38m4Rg9zIViGHVW24opSm99HQm/UFLEy6w==",
      "dev": true,
      "requires": {
        "@types/node": "*",
        "playwright-core": "1.29.1"
      },
      "dependencies": {
        "playwright-core": {
          "version": "1.29.1",
          "resolved": "https://registry.npmjs.org/playwright-core/-/playwright-core-1.29.1.tgz",
          "integrity": "sha512-20Ai3d+lMkWpI9YZYlxk8gxatfgax5STW8GaMozAHwigLiyiKQrdkt7gaoT9UQR8FIVDg6qVXs9IoZUQrDjIIg==",
          "dev": true
        }
      }
    },
    "@types/body-parser": {
      "version": "1.19.2",
      "resolved": "https://registry.npmjs.org/@types/body-parser/-/body-parser-1.19.2.tgz",
      "integrity": "sha512-ALYone6pm6QmwZoAgeyNksccT9Q4AWZQ6PvfwR37GT6r6FWUPguq6sUmNGSMV2Wr761oQoBxwGGa6DR5o1DC9g==",
      "dev": true,
      "requires": {
        "@types/connect": "*",
        "@types/node": "*"
      }
    },
    "@types/connect": {
      "version": "3.4.35",
      "resolved": "https://registry.npmjs.org/@types/connect/-/connect-3.4.35.tgz",
      "integrity": "sha512-cdeYyv4KWoEgpBISTxWvqYsVy444DOqehiF3fM3ne10AmJ62RSyNkUnxMJXHQWRQQX2eR94m5y1IZyDwBjV9FQ==",
      "dev": true,
      "requires": {
        "@types/node": "*"
      }
    },
    "@types/cookie-parser": {
      "version": "1.4.3",
      "resolved": "https://registry.npmjs.org/@types/cookie-parser/-/cookie-parser-1.4.3.tgz",
      "integrity": "sha512-CqSKwFwefj4PzZ5n/iwad/bow2hTCh0FlNAeWLtQM3JA/NX/iYagIpWG2cf1bQKQ2c9gU2log5VUCrn7LDOs0w==",
      "dev": true,
      "requires": {
        "@types/express": "*"
      }
    },
    "@types/express": {
      "version": "4.17.15",
      "resolved": "https://registry.npmjs.org/@types/express/-/express-4.17.15.tgz",
      "integrity": "sha512-Yv0k4bXGOH+8a+7bELd2PqHQsuiANB+A8a4gnQrkRWzrkKlb6KHaVvyXhqs04sVW/OWlbPyYxRgYlIXLfrufMQ==",
      "dev": true,
      "requires": {
        "@types/body-parser": "*",
        "@types/express-serve-static-core": "^4.17.31",
        "@types/qs": "*",
        "@types/serve-static": "*"
      }
    },
    "@types/express-serve-static-core": {
      "version": "4.17.32",
      "resolved": "https://registry.npmjs.org/@types/express-serve-static-core/-/express-serve-static-core-4.17.32.tgz",
      "integrity": "sha512-aI5h/VOkxOF2Z1saPy0Zsxs5avets/iaiAJYznQFm5By/pamU31xWKL//epiF4OfUA2qTOc9PV6tCUjhO8wlZA==",
      "dev": true,
      "requires": {
        "@types/node": "*",
        "@types/qs": "*",
        "@types/range-parser": "*"
      }
    },
    "@types/mime": {
      "version": "3.0.1",
      "resolved": "https://registry.npmjs.org/@types/mime/-/mime-3.0.1.tgz",
      "integrity": "sha512-Y4XFY5VJAuw0FgAqPNd6NNoV44jbq9Bz2L7Rh/J6jLTiHBSBJa9fxqQIvkIld4GsoDOcCbvzOUAbLPsSKKg+uA==",
      "dev": true
    },
    "@types/node": {
      "version": "18.11.17",
      "resolved": "https://registry.npmjs.org/@types/node/-/node-18.11.17.tgz",
      "integrity": "sha512-HJSUJmni4BeDHhfzn6nF0sVmd1SMezP7/4F0Lq+aXzmp2xm9O7WXrUtHW/CHlYVtZUbByEvWidHqRtcJXGF2Ng==",
      "dev": true
    },
    "@types/qs": {
      "version": "6.9.7",
      "resolved": "https://registry.npmjs.org/@types/qs/-/qs-6.9.7.tgz",
      "integrity": "sha512-FGa1F62FT09qcrueBA6qYTrJPVDzah9a+493+o2PCXsesWHIn27G98TsSMs3WPNbZIEj4+VJf6saSFpvD+3Zsw==",
      "dev": true
    },
    "@types/range-parser": {
      "version": "1.2.4",
      "resolved": "https://registry.npmjs.org/@types/range-parser/-/range-parser-1.2.4.tgz",
      "integrity": "sha512-EEhsLsD6UsDM1yFhAvy0Cjr6VwmpMWqFBCb9w07wVugF7w9nfajxLuVmngTIpgS6svCnm6Vaw+MZhoDCKnOfsw==",
      "dev": true
    },
    "@types/serve-static": {
      "version": "1.15.0",
      "resolved": "https://registry.npmjs.org/@types/serve-static/-/serve-static-1.15.0.tgz",
      "integrity": "sha512-z5xyF6uh8CbjAu9760KDKsH2FcDxZ2tFCsA4HIMWE6IkiYMXfVoa+4f9KX+FN0ZLsaMw1WNG2ETLA6N+/YA+cg==",
      "dev": true,
      "requires": {
        "@types/mime": "*",
        "@types/node": "*"
      }
    },
    "agent-base": {
      "version": "6.0.2",
      "resolved": "https://registry.npmjs.org/agent-base/-/agent-base-6.0.2.tgz",
      "integrity": "sha512-RZNwNclF7+MS/8bDg70amg32dyeZGZxiDuQmZxKLAlQjr3jGyLx+4Kkk58UO7D2QdgFIQCovuSuZESne6RG6XQ==",
      "requires": {
        "debug": "4"
      }
    },
    "cookie": {
      "version": "0.4.1",
      "resolved": "https://registry.npmjs.org/cookie/-/cookie-0.4.1.tgz",
      "integrity": "sha512-ZwrFkGJxUR3EIoXtO+yVE69Eb7KlixbaeAWfBQB9vVsNn/o+Yw69gBWSSDK825hQNdN+wF8zELf3dFNl/kxkUA=="
    },
    "cookie-parser": {
      "version": "1.4.6",
      "resolved": "https://registry.npmjs.org/cookie-parser/-/cookie-parser-1.4.6.tgz",
      "integrity": "sha512-z3IzaNjdwUC2olLIB5/ITd0/setiaFMLYiZJle7xg5Fe9KWAceil7xszYfHHBtDFYLSgJduS2Ty0P1uJdPDJeA==",
      "requires": {
        "cookie": "0.4.1",
        "cookie-signature": "1.0.6"
      }
    },
    "cookie-signature": {
      "version": "1.0.6",
      "resolved": "https://registry.npmjs.org/cookie-signature/-/cookie-signature-1.0.6.tgz",
      "integrity": "sha512-QADzlaHc8icV8I7vbaJXJwod9HWYp8uCqf1xa4OfNu1T7JVxQIrUgOWtHdNDtPiywmFbiS12VjotIXLrKM3orQ=="
    },
    "debug": {
      "version": "4.3.4",
      "resolved": "https://registry.npmjs.org/debug/-/debug-4.3.4.tgz",
      "integrity": "sha512-PRWFHuSU3eDtQJPvnNY7Jcket1j0t5OuOsFzPPzsekD52Zl8qUfFIPEiswXqIvHWGVHOgX+7G/vCNNhehwxfkQ==",
      "requires": {
        "ms": "2.1.2"
      }
    },
    "https-proxy-agent": {
      "version": "5.0.1",
      "resolved": "https://registry.npmjs.org/https-proxy-agent/-/https-proxy-agent-5.0.1.tgz",
      "integrity": "sha512-dFcAjpTQFgoLMzC2VwU+C/CbS7uRL0lWmxDITmqm7C+7F0Odmj6s9l6alZc6AELXhrnggM2CeWSXHGOdX2YtwA==",
      "requires": {
        "agent-base": "6",
        "debug": "4"
      }
    },
    "mailosaur": {
      "version": "8.5.0",
      "resolved": "https://registry.npmjs.org/mailosaur/-/mailosaur-8.5.0.tgz",
      "integrity": "sha512-exO+Yssl8IduNqN32tUwIG7FYMJLg/Uu1nqaVld/5xVYqx97c82SGQgs+qqdOwhoUSOpdWcR/A7avhL+/U2Qhw==",
      "requires": {
        "https-proxy-agent": "^5.0.0"
      }
    },
    "ms": {
      "version": "2.1.2",
      "resolved": "https://registry.npmjs.org/ms/-/ms-2.1.2.tgz",
      "integrity": "sha512-sGkPx+VjMtmA6MX27oA4FBFELFCZZ4S4XqeGOXCv68tT+jb3vk/RyaKWP0PTKyWtmLSM0b+adUTEvbs1PEaH2w=="
    },
    "typescript": {
      "version": "4.9.4",
      "resolved": "https://registry.npmjs.org/typescript/-/typescript-4.9.4.tgz",
      "integrity": "sha512-Uz+dTXYzxXXbsFpM86Wh3dKCxrQqUcVMxwU54orwlJjOpO3ao8L7j5lH+dWfTwgCwIuM9GQ2kvVotzYJMXTBZg=="
    }
  }
}
